// !$*UTF8*$!
{
	archiveVersion = 1;
	classes = {
	};
	objectVersion = 48;
	objects = {

/* Begin PBXContainerItemProxy section */
		60238302202C55910000F97B /* PBXContainerItemProxy */ = {
			isa = PBXContainerItemProxy;
			containerPortal = 602382FE202C55900000F97B /* Scheduler.xcodeproj */;
			proxyType = 2;
			remoteGlobalIDString = 602382F4202C55900000F97B;
			remoteInfo = Scheduler;
		};
/* End PBXContainerItemProxy section */

/* Begin PBXFileReference section */
		602382C9202C54E40000F97B /* Network Generator.xcodeproj */ = {isa = PBXFileReference; lastKnownFileType = "wrapper.pb-project"; name = "Network Generator.xcodeproj"; path = "Network Generator/Network Generator.xcodeproj"; sourceTree = "<group>"; };
		602382D8202C55420000F97B /* Simulator.xcodeproj */ = {isa = PBXFileReference; lastKnownFileType = "wrapper.pb-project"; name = Simulator.xcodeproj; path = Simulator/Simulator.xcodeproj; sourceTree = "<group>"; };
		602382E7202C556A0000F97B /* Evaluator.xcodeproj */ = {isa = PBXFileReference; lastKnownFileType = "wrapper.pb-project"; name = Evaluator.xcodeproj; path = Evaluator/Evaluator.xcodeproj; sourceTree = "<group>"; };
		602382FE202C55900000F97B /* Scheduler.xcodeproj */ = {isa = PBXFileReference; lastKnownFileType = "wrapper.pb-project"; name = Scheduler.xcodeproj; path = Scheduler/Scheduler.xcodeproj; sourceTree = "<group>"; };
/* End PBXFileReference section */

/* Begin PBXGroup section */
		601ED34F2029EC6D00E60F3A = {
			isa = PBXGroup;
			children = (
				602382FE202C55900000F97B /* Scheduler.xcodeproj */,
				602382E7202C556A0000F97B /* Evaluator.xcodeproj */,
				602382D8202C55420000F97B /* Simulator.xcodeproj */,
				602382C9202C54E40000F97B /* Network Generator.xcodeproj */,
			);
			sourceTree = "<group>";
		};
		602382CA202C54E40000F97B /* Products */ = {
			isa = PBXGroup;
			children = (
			);
			name = Products;
			sourceTree = "<group>";
		};
		602382D9202C55420000F97B /* Products */ = {
			isa = PBXGroup;
			children = (
			);
			name = Products;
			sourceTree = "<group>";
		};
		602382E8202C556A0000F97B /* Products */ = {
			isa = PBXGroup;
			children = (
			);
			name = Products;
			sourceTree = "<group>";
		};
		602382FF202C55900000F97B /* Products */ = {
			isa = PBXGroup;
			children = (
				60238303202C55910000F97B /* Scheduler */,
			);
			name = Products;
			sourceTree = "<group>";
		};
/* End PBXGroup section */

/* Begin PBXLegacyTarget section */
		601ED3542029EC6D00E60F3A /* Organic Scheduler */ = {
			isa = PBXLegacyTarget;
			buildArgumentsString = "$(ACTION)";
			buildConfigurationList = 601ED3572029EC6D00E60F3A /* Build configuration list for PBXLegacyTarget "Organic Scheduler" */;
			buildPhases = (
			);
			buildToolPath = /Users/fpo01/anaconda3/bin/python36;
			dependencies = (
			);
			name = "Organic Scheduler";
			passBuildSettingsInEnvironment = 1;
			productName = "Organic Scheduler";
		};
/* End PBXLegacyTarget section */

/* Begin PBXProject section */
		601ED3502029EC6D00E60F3A /* Project object */ = {
			isa = PBXProject;
			attributes = {
				LastUpgradeCheck = 0930;
				ORGANIZATIONNAME = "Francisco Pozo";
				TargetAttributes = {
					601ED3542029EC6D00E60F3A = {
						CreatedOnToolsVersion = 9.2;
						ProvisioningStyle = Automatic;
					};
				};
			};
			buildConfigurationList = 601ED3532029EC6D00E60F3A /* Build configuration list for PBXProject "Organic Scheduler" */;
			compatibilityVersion = "Xcode 8.0";
			developmentRegion = en;
			hasScannedForEncodings = 0;
			knownRegions = (
				en,
			);
			mainGroup = 601ED34F2029EC6D00E60F3A;
			projectDirPath = "";
			projectReferences = (
				{
					ProductGroup = 602382E8202C556A0000F97B /* Products */;
					ProjectRef = 602382E7202C556A0000F97B /* Evaluator.xcodeproj */;
				},
				{
					ProductGroup = 602382CA202C54E40000F97B /* Products */;
					ProjectRef = 602382C9202C54E40000F97B /* Network Generator.xcodeproj */;
				},
				{
					ProductGroup = 602382FF202C55900000F97B /* Products */;
					ProjectRef = 602382FE202C55900000F97B /* Scheduler.xcodeproj */;
				},
				{
					ProductGroup = 602382D9202C55420000F97B /* Products */;
					ProjectRef = 602382D8202C55420000F97B /* Simulator.xcodeproj */;
				},
			);
			projectRoot = "";
			targets = (
				601ED3542029EC6D00E60F3A /* Organic Scheduler */,
			);
		};
/* End PBXProject section */

/* Begin PBXReferenceProxy section */
		60238303202C55910000F97B /* Scheduler */ = {
			isa = PBXReferenceProxy;
			fileType = "compiled.mach-o.executable";
			path = Scheduler;
			remoteRef = 60238302202C55910000F97B /* PBXContainerItemProxy */;
			sourceTree = BUILT_PRODUCTS_DIR;
		};
/* End PBXReferenceProxy section */

/* Begin XCBuildConfiguration section */
		601ED3552029EC6D00E60F3A /* Debug */ = {
			isa = XCBuildConfiguration;
			buildSettings = {
				ALWAYS_SEARCH_USER_PATHS = NO;
				CLANG_ANALYZER_NONNULL = YES;
				CLANG_ANALYZER_NUMBER_OBJECT_CONVERSION = YES_AGGRESSIVE;
				CLANG_CXX_LANGUAGE_STANDARD = "gnu++14";
				CLANG_CXX_LIBRARY = "libc++";
				CLANG_ENABLE_MODULES = YES;
				CLANG_ENABLE_OBJC_ARC = YES;
				CLANG_WARN_BLOCK_CAPTURE_AUTORELEASING = YES;
				CLANG_WARN_BOOL_CONVERSION = YES;
				CLANG_WARN_COMMA = YES;
				CLANG_WARN_CONSTANT_CONVERSION = YES;
				CLANG_WARN_DEPRECATED_OBJC_IMPLEMENTATIONS = YES;
				CLANG_WARN_DIRECT_OBJC_ISA_USAGE = YES_ERROR;
				CLANG_WARN_DOCUMENTATION_COMMENTS = YES;
				CLANG_WARN_EMPTY_BODY = YES;
				CLANG_WARN_ENUM_CONVERSION = YES;
				CLANG_WARN_INFINITE_RECURSION = YES;
				CLANG_WARN_INT_CONVERSION = YES;
				CLANG_WARN_NON_LITERAL_NULL_CONVERSION = YES;
				CLANG_WARN_OBJC_IMPLICIT_RETAIN_SELF = YES;
				CLANG_WARN_OBJC_LITERAL_CONVERSION = YES;
				CLANG_WARN_OBJC_ROOT_CLASS = YES_ERROR;
				CLANG_WARN_RANGE_LOOP_ANALYSIS = YES;
				CLANG_WARN_STRICT_PROTOTYPES = YES;
				CLANG_WARN_SUSPICIOUS_MOVE = YES;
				CLANG_WARN_UNGUARDED_AVAILABILITY = YES_AGGRESSIVE;
				CLANG_WARN_UNREACHABLE_CODE = YES;
				CLANG_WARN__DUPLICATE_METHOD_MATCH = YES;
				COPY_PHASE_STRIP = NO;
				DEBUG_INFORMATION_FORMAT = dwarf;
				ENABLE_STRICT_OBJC_MSGSEND = YES;
				ENABLE_TESTABILITY = YES;
				GCC_C_LANGUAGE_STANDARD = gnu11;
				GCC_DYNAMIC_NO_PIC = NO;
				GCC_NO_COMMON_BLOCKS = YES;
				GCC_OPTIMIZATION_LEVEL = 0;
				GCC_PREPROCESSOR_DEFINITIONS = (
					"DEBUG=1",
					"$(inherited)",
				);
				GCC_WARN_64_TO_32_BIT_CONVERSION = YES;
				GCC_WARN_ABOUT_RETURN_TYPE = YES_ERROR;
				GCC_WARN_UNDECLARED_SELECTOR = YES;
				GCC_WARN_UNINITIALIZED_AUTOS = YES_AGGRESSIVE;
				GCC_WARN_UNUSED_FUNCTION = YES;
				GCC_WARN_UNUSED_VARIABLE = YES;
				MTL_ENABLE_DEBUG_INFO = YES;
				ONLY_ACTIVE_ARCH = YES;
			};
			name = Debug;
		};
		601ED3562029EC6D00E60F3A /* Release */ = {
			isa = XCBuildConfiguration;
			buildSettings = {
				ALWAYS_SEARCH_USER_PATHS = NO;
				CLANG_ANALYZER_NONNULL = YES;
				CLANG_ANALYZER_NUMBER_OBJECT_CONVERSION = YES_AGGRESSIVE;
				CLANG_CXX_LANGUAGE_STANDARD = "gnu++14";
				CLANG_CXX_LIBRARY = "libc++";
				CLANG_ENABLE_MODULES = YES;
				CLANG_ENABLE_OBJC_ARC = YES;
				CLANG_WARN_BLOCK_CAPTURE_AUTORELEASING = YES;
				CLANG_WARN_BOOL_CONVERSION = YES;
				CLANG_WARN_COMMA = YES;
				CLANG_WARN_CONSTANT_CONVERSION = YES;
				CLANG_WARN_DEPRECATED_OBJC_IMPLEMENTATIONS = YES;
				CLANG_WARN_DIRECT_OBJC_ISA_USAGE = YES_ERROR;
				CLANG_WARN_DOCUMENTATION_COMMENTS = YES;
				CLANG_WARN_EMPTY_BODY = YES;
				CLANG_WARN_ENUM_CONVERSION = YES;
				CLANG_WARN_INFINITE_RECURSION = YES;
				CLANG_WARN_INT_CONVERSION = YES;
				CLANG_WARN_NON_LITERAL_NULL_CONVERSION = YES;
				CLANG_WARN_OBJC_IMPLICIT_RETAIN_SELF = YES;
				CLANG_WARN_OBJC_LITERAL_CONVERSION = YES;
				CLANG_WARN_OBJC_ROOT_CLASS = YES_ERROR;
				CLANG_WARN_RANGE_LOOP_ANALYSIS = YES;
				CLANG_WARN_STRICT_PROTOTYPES = YES;
				CLANG_WARN_SUSPICIOUS_MOVE = YES;
				CLANG_WARN_UNGUARDED_AVAILABILITY = YES_AGGRESSIVE;
				CLANG_WARN_UNREACHABLE_CODE = YES;
				CLANG_WARN__DUPLICATE_METHOD_MATCH = YES;
				COPY_PHASE_STRIP = NO;
				DEBUG_INFORMATION_FORMAT = "dwarf-with-dsym";
				ENABLE_NS_ASSERTIONS = NO;
				ENABLE_STRICT_OBJC_MSGSEND = YES;
				GCC_C_LANGUAGE_STANDARD = gnu11;
				GCC_NO_COMMON_BLOCKS = YES;
				GCC_WARN_64_TO_32_BIT_CONVERSION = YES;
				GCC_WARN_ABOUT_RETURN_TYPE = YES_ERROR;
				GCC_WARN_UNDECLARED_SELECTOR = YES;
				GCC_WARN_UNINITIALIZED_AUTOS = YES_AGGRESSIVE;
				GCC_WARN_UNUSED_FUNCTION = YES;
				GCC_WARN_UNUSED_VARIABLE = YES;
				MTL_ENABLE_DEBUG_INFO = NO;
			};
			name = Release;
		};
		601ED3582029EC6D00E60F3A /* Debug */ = {
			isa = XCBuildConfiguration;
			buildSettings = {
				CODE_SIGN_STYLE = Automatic;
				DEBUGGING_SYMBOLS = YES;
				DEBUG_INFORMATION_FORMAT = dwarf;
				GCC_GENERATE_DEBUGGING_SYMBOLS = YES;
				GCC_OPTIMIZATION_LEVEL = 0;
				OTHER_CFLAGS = "";
				OTHER_LDFLAGS = "";
				PRODUCT_NAME = "$(TARGET_NAME)";
			};
			name = Debug;
		};
		601ED3592029EC6D00E60F3A /* Release */ = {
			isa = XCBuildConfiguration;
			buildSettings = {
				CODE_SIGN_STYLE = Automatic;
				DEBUG_INFORMATION_FORMAT = "dwarf-with-dsym";
				OTHER_CFLAGS = "";
				OTHER_LDFLAGS = "";
				PRODUCT_NAME = "$(TARGET_NAME)";
			};
			name = Release;
		};
/* End XCBuildConfiguration section */

/* Begin XCConfigurationList section */
		601ED3532029EC6D00E60F3A /* Build configuration list for PBXProject "Organic Scheduler" */ = {
			isa = XCConfigurationList;
			buildConfigurations = (
				601ED3552029EC6D00E60F3A /* Debug */,
				601ED3562029EC6D00E60F3A /* Release */,
			);
			defaultConfigurationIsVisible = 0;
			defaultConfigurationName = Release;
		};
		601ED3572029EC6D00E60F3A /* Build configuration list for PBXLegacyTarget "Organic Scheduler" */ = {
			isa = XCConfigurationList;
			buildConfigurations = (
				601ED3582029EC6D00E60F3A /* Debug */,
				601ED3592029EC6D00E60F3A /* Release */,
			);
			defaultConfigurationIsVisible = 0;
			defaultConfigurationName = Release;
		};
/* End XCConfigurationList section */
	};
	rootObject = 601ED3502029EC6D00E60F3A /* Project object */;
}
